// !$*UTF8*$!
{
	archiveVersion = 1;
	classes = {
	};
	objectVersion = 50;
	objects = {

/* Begin PBXBuildFile section */
		ADBA0CCC267F3D0D005CE2A2 /* AppDelegate.swift in Sources */ = {isa = PBXBuildFile; fileRef = ADBA0CCB267F3D0D005CE2A2 /* AppDelegate.swift */; };
		ADBA0CCE267F3D0D005CE2A2 /* SceneDelegate.swift in Sources */ = {isa = PBXBuildFile; fileRef = ADBA0CCD267F3D0D005CE2A2 /* SceneDelegate.swift */; };
		ADBA0CD0267F3D0D005CE2A2 /* ViewController.swift in Sources */ = {isa = PBXBuildFile; fileRef = ADBA0CCF267F3D0D005CE2A2 /* ViewController.swift */; };
		ADBA0CD3267F3D0D005CE2A2 /* Main.storyboard in Resources */ = {isa = PBXBuildFile; fileRef = ADBA0CD1267F3D0D005CE2A2 /* Main.storyboard */; };
		ADBA0CD5267F3D10005CE2A2 /* Assets.xcassets in Resources */ = {isa = PBXBuildFile; fileRef = ADBA0CD4267F3D10005CE2A2 /* Assets.xcassets */; };
		ADBA0CD8267F3D10005CE2A2 /* LaunchScreen.storyboard in Resources */ = {isa = PBXBuildFile; fileRef = ADBA0CD6267F3D10005CE2A2 /* LaunchScreen.storyboard */; };
/* End PBXBuildFile section */

/* Begin PBXFileReference section */
		ADBA0CC8267F3D0D005CE2A2 /* Crypto Track.app */ = {isa = PBXFileReference; explicitFileType = wrapper.application; includeInIndex = 0; path = "Crypto Track.app"; sourceTree = BUILT_PRODUCTS_DIR; };
		ADBA0CCB267F3D0D005CE2A2 /* AppDelegate.swift */ = {isa = PBXFileReference; lastKnownFileType = sourcecode.swift; path = AppDelegate.swift; sourceTree = "<group>"; };
		ADBA0CCD267F3D0D005CE2A2 /* SceneDelegate.swift */ = {isa = PBXFileReference; lastKnownFileType = sourcecode.swift; path = SceneDelegate.swift; sourceTree = "<group>"; };
		ADBA0CCF267F3D0D005CE2A2 /* ViewController.swift */ = {isa = PBXFileReference; lastKnownFileType = sourcecode.swift; path = ViewController.swift; sourceTree = "<group>"; };
		ADBA0CD2267F3D0D005CE2A2 /* Base */ = {isa = PBXFileReference; lastKnownFileType = file.storyboard; name = Base; path = Base.lproj/Main.storyboard; sourceTree = "<group>"; };
		ADBA0CD4267F3D10005CE2A2 /* Assets.xcassets */ = {isa = PBXFileReference; lastKnownFileType = folder.assetcatalog; path = Assets.xcassets; sourceTree = "<group>"; };
		ADBA0CD7267F3D10005CE2A2 /* Base */ = {isa = PBXFileReference; lastKnownFileType = file.storyboard; name = Base; path = Base.lproj/LaunchScreen.storyboard; sourceTree = "<group>"; };
		ADBA0CD9267F3D10005CE2A2 /* Info.plist */ = {isa = PBXFileReference; lastKnownFileType = text.plist.xml; path = Info.plist; sourceTree = "<group>"; };
/* End PBXFileReference section */

/* Begin PBXFrameworksBuildPhase section */
		ADBA0CC5267F3D0D005CE2A2 /* Frameworks */ = {
			isa = PBXFrameworksBuildPhase;
			buildActionMask = 2147483647;
			files = (
			);
			runOnlyForDeploymentPostprocessing = 0;
		};
/* End PBXFrameworksBuildPhase section */

/* Begin PBXGroup section */
		ADBA0CBF267F3D0D005CE2A2 = {
			isa = PBXGroup;
			children = (
				ADBA0CCA267F3D0D005CE2A2 /* Crypto Track */,
				ADBA0CC9267F3D0D005CE2A2 /* Products */,
			);
			sourceTree = "<group>";
		};
		ADBA0CC9267F3D0D005CE2A2 /* Products */ = {
			isa = PBXGroup;
			children = (
				ADBA0CC8267F3D0D005CE2A2 /* Crypto Track.app */,
			);
			name = Products;
			sourceTree = "<group>";
		};
		ADBA0CCA267F3D0D005CE2A2 /* Crypto Track */ = {
			isa = PBXGroup;
			children = (
				ADBA0CCB267F3D0D005CE2A2 /* AppDelegate.swift */,
				ADBA0CCD267F3D0D005CE2A2 /* SceneDelegate.swift */,
				ADBA0CCF267F3D0D005CE2A2 /* ViewController.swift */,
				ADBA0CD1267F3D0D005CE2A2 /* Main.storyboard */,
				ADBA0CD4267F3D10005CE2A2 /* Assets.xcassets */,
				ADBA0CD6267F3D10005CE2A2 /* LaunchScreen.storyboard */,
				ADBA0CD9267F3D10005CE2A2 /* Info.plist */,
			);
			path = "Crypto Track";
			sourceTree = "<group>";
		};
/* End PBXGroup section */

/* Begin PBXNativeTarget section */
		ADBA0CC7267F3D0D005CE2A2 /* Crypto Track */ = {
			isa = PBXNativeTarget;
			buildConfigurationList = ADBA0CDC267F3D10005CE2A2 /* Build configuration list for PBXNativeTarget "Crypto Track" */;
			buildPhases = (
				ADBA0CC4267F3D0D005CE2A2 /* Sources */,
				ADBA0CC5267F3D0D005CE2A2 /* Frameworks */,
				ADBA0CC6267F3D0D005CE2A2 /* Resources */,
			);
			buildRules = (
			);
			dependencies = (
			);
			name = "Crypto Track";
			productName = "Crypto Track";
			productReference = ADBA0CC8267F3D0D005CE2A2 /* Crypto Track.app */;
			productType = "com.apple.product-type.application";
		};
/* End PBXNativeTarget section */

/* Begin PBXProject section */
		ADBA0CC0267F3D0D005CE2A2 /* Project object */ = {
			isa = PBXProject;
			attributes = {
				LastSwiftUpdateCheck = 1250;
				LastUpgradeCheck = 1250;
				TargetAttributes = {
					ADBA0CC7267F3D0D005CE2A2 = {
						CreatedOnToolsVersion = 12.5;
					};
				};
			};
			buildConfigurationList = ADBA0CC3267F3D0D005CE2A2 /* Build configuration list for PBXProject "Crypto Track" */;
			compatibilityVersion = "Xcode 9.3";
			developmentRegion = en;
			hasScannedForEncodings = 0;
			knownRegions = (
				en,
				Base,
			);
			mainGroup = ADBA0CBF267F3D0D005CE2A2;
			productRefGroup = ADBA0CC9267F3D0D005CE2A2 /* Products */;
			projectDirPath = "";
			projectRoot = "";
			targets = (
				ADBA0CC7267F3D0D005CE2A2 /* Crypto Track */,
			);
		};
/* End PBXProject section */

/* Begin PBXResourcesBuildPhase section */
		ADBA0CC6267F3D0D005CE2A2 /* Resources */ = {
			isa = PBXResourcesBuildPhase;
			buildActionMask = 2147483647;
			files = (
				ADBA0CD8267F3D10005CE2A2 /* LaunchScreen.storyboard in Resources */,
				ADBA0CD5267F3D10005CE2A2 /* Assets.xcassets in Resources */,
				ADBA0CD3267F3D0D005CE2A2 /* Main.storyboard in Resources */,
			);
			runOnlyForDeploymentPostprocessing = 0;
		};
/* End PBXResourcesBuildPhase section */

/* Begin PBXSourcesBuildPhase section */
		ADBA0CC4267F3D0D005CE2A2 /* Sources */ = {
			isa = PBXSourcesBuildPhase;
			buildActionMask = 2147483647;
			files = (
				ADBA0CD0267F3D0D005CE2A2 /* ViewController.swift in Sources */,
				ADBA0CCC267F3D0D005CE2A2 /* AppDelegate.swift in Sources */,
				ADBA0CCE267F3D0D005CE2A2 /* SceneDelegate.swift in Sources */,
			);
			runOnlyForDeploymentPostprocessing = 0;
		};
/* End PBXSourcesBuildPhase section */

/* Begin PBXVariantGroup section */
		ADBA0CD1267F3D0D005CE2A2 /* Main.storyboard */ = {
			isa = PBXVariantGroup;
			children = (
				ADBA0CD2267F3D0D005CE2A2 /* Base */,
			);
			name = Main.storyboard;
			sourceTree = "<group>";
		};
		ADBA0CD6267F3D10005CE2A2 /* LaunchScreen.storyboard */ = {
			isa = PBXVariantGroup;
			children = (
				ADBA0CD7267F3D10005CE2A2 /* Base */,
			);
			name = LaunchScreen.storyboard;
			sourceTree = "<group>";
		};
/* End PBXVariantGroup section */

/* Begin XCBuildConfiguration section */
		ADBA0CDA267F3D10005CE2A2 /* Debug */ = {
			isa = XCBuildConfiguration;
			buildSettings = {
				ALWAYS_SEARCH_USER_PATHS = NO;
				CLANG_ANALYZER_NONNULL = YES;
				CLANG_ANALYZER_NUMBER_OBJECT_CONVERSION = YES_AGGRESSIVE;
				CLANG_CXX_LANGUAGE_STANDARD = "gnu++14";
				CLANG_CXX_LIBRARY = "libc++";
				CLANG_ENABLE_MODULES = YES;
				CLANG_ENABLE_OBJC_ARC = YES;
				CLANG_ENABLE_OBJC_WEAK = YES;
				CLANG_WARN_BLOCK_CAPTURE_AUTORELEASING = YES;
				CLANG_WARN_BOOL_CONVERSION = YES;
				CLANG_WARN_COMMA = YES;
				CLANG_WARN_CONSTANT_CONVERSION = YES;
				CLANG_WARN_DEPRECATED_OBJC_IMPLEMENTATIONS = YES;
				CLANG_WARN_DIRECT_OBJC_ISA_USAGE = YES_ERROR;
				CLANG_WARN_DOCUMENTATION_COMMENTS = YES;
				CLANG_WARN_EMPTY_BODY = YES;
				CLANG_WARN_ENUM_CONVERSION = YES;
				CLANG_WARN_INFINITE_RECURSION = YES;
				CLANG_WARN_INT_CONVERSION = YES;
				CLANG_WARN_NON_LITERAL_NULL_CONVERSION = YES;
				CLANG_WARN_OBJC_IMPLICIT_RETAIN_SELF = YES;
				CLANG_WARN_OBJC_LITERAL_CONVERSION = YES;
				CLANG_WARN_OBJC_ROOT_CLASS = YES_ERROR;
				CLANG_WARN_QUOTED_INCLUDE_IN_FRAMEWORK_HEADER = YES;
				CLANG_WARN_RANGE_LOOP_ANALYSIS = YES;
				CLANG_WARN_STRICT_PROTOTYPES = YES;
				CLANG_WARN_SUSPICIOUS_MOVE = YES;
				CLANG_WARN_UNGUARDED_AVAILABILITY = YES_AGGRESSIVE;
				CLANG_WARN_UNREACHABLE_CODE = YES;
				CLANG_WARN__DUPLICATE_METHOD_MATCH = YES;
				COPY_PHASE_STRIP = NO;
				DEBUG_INFORMATION_FORMAT = dwarf;
				ENABLE_STRICT_OBJC_MSGSEND = YES;
				ENABLE_TESTABILITY = YES;
				GCC_C_LANGUAGE_STANDARD = gnu11;
				GCC_DYNAMIC_NO_PIC = NO;
				GCC_NO_COMMON_BLOCKS = YES;
				GCC_OPTIMIZATION_LEVEL = 0;
				GCC_PREPROCESSOR_DEFINITIONS = (
					"DEBUG=1",
					"$(inherited)",
				);
				GCC_WARN_64_TO_32_BIT_CONVERSION = YES;
				GCC_WARN_ABOUT_RETURN_TYPE = YES_ERROR;
				GCC_WARN_UNDECLARED_SELECTOR = YES;
				GCC_WARN_UNINITIALIZED_AUTOS = YES_AGGRESSIVE;
				GCC_WARN_UNUSED_FUNCTION = YES;
				GCC_WARN_UNUSED_VARIABLE = YES;
				IPHONEOS_DEPLOYMENT_TARGET = 14.5;
				MTL_ENABLE_DEBUG_INFO = INCLUDE_SOURCE;
				MTL_FAST_MATH = YES;
				ONLY_ACTIVE_ARCH = YES;
				SDKROOT = iphoneos;
				SWIFT_ACTIVE_COMPILATION_CONDITIONS = DEBUG;
				SWIFT_OPTIMIZATION_LEVEL = "-Onone";
			};
			name = Debug;
		};
		ADBA0CDB267F3D10005CE2A2 /* Release */ = {
			isa = XCBuildConfiguration;
			buildSettings = {
				ALWAYS_SEARCH_USER_PATHS = NO;
				CLANG_ANALYZER_NONNULL = YES;
				CLANG_ANALYZER_NUMBER_OBJECT_CONVERSION = YES_AGGRESSIVE;
				CLANG_CXX_LANGUAGE_STANDARD = "gnu++14";
				CLANG_CXX_LIBRARY = "libc++";
				CLANG_ENABLE_MODULES = YES;
				CLANG_ENABLE_OBJC_ARC = YES;
				CLANG_ENABLE_OBJC_WEAK = YES;
				CLANG_WARN_BLOCK_CAPTURE_AUTORELEASING = YES;
				CLANG_WARN_BOOL_CONVERSION = YES;
				CLANG_WARN_COMMA = YES;
				CLANG_WARN_CONSTANT_CONVERSION = YES;
				CLANG_WARN_DEPRECATED_OBJC_IMPLEMENTATIONS = YES;
				CLANG_WARN_DIRECT_OBJC_ISA_USAGE = YES_ERROR;
				CLANG_WARN_DOCUMENTATION_COMMENTS = YES;
				CLANG_WARN_EMPTY_BODY = YES;
				CLANG_WARN_ENUM_CONVERSION = YES;
				CLANG_WARN_INFINITE_RECURSION = YES;
				CLANG_WARN_INT_CONVERSION = YES;
				CLANG_WARN_NON_LITERAL_NULL_CONVERSION = YES;
				CLANG_WARN_OBJC_IMPLICIT_RETAIN_SELF = YES;
				CLANG_WARN_OBJC_LITERAL_CONVERSION = YES;
				CLANG_WARN_OBJC_ROOT_CLASS = YES_ERROR;
				CLANG_WARN_QUOTED_INCLUDE_IN_FRAMEWORK_HEADER = YES;
				CLANG_WARN_RANGE_LOOP_ANALYSIS = YES;
				CLANG_WARN_STRICT_PROTOTYPES = YES;
				CLANG_WARN_SUSPICIOUS_MOVE = YES;
				CLANG_WARN_UNGUARDED_AVAILABILITY = YES_AGGRESSIVE;
				CLANG_WARN_UNREACHABLE_CODE = YES;
				CLANG_WARN__DUPLICATE_METHOD_MATCH = YES;
				COPY_PHASE_STRIP = NO;
				DEBUG_INFORMATION_FORMAT = "dwarf-with-dsym";
				ENABLE_NS_ASSERTIONS = NO;
				ENABLE_STRICT_OBJC_MSGSEND = YES;
				GCC_C_LANGUAGE_STANDARD = gnu11;
				GCC_NO_COMMON_BLOCKS = YES;
				GCC_WARN_64_TO_32_BIT_CONVERSION = YES;
				GCC_WARN_ABOUT_RETURN_TYPE = YES_ERROR;
				GCC_WARN_UNDECLARED_SELECTOR = YES;
				GCC_WARN_UNINITIALIZED_AUTOS = YES_AGGRESSIVE;
				GCC_WARN_UNUSED_FUNCTION = YES;
				GCC_WARN_UNUSED_VARIABLE = YES;
				IPHONEOS_DEPLOYMENT_TARGET = 14.5;
				MTL_ENABLE_DEBUG_INFO = NO;
				MTL_FAST_MATH = YES;
				SDKROOT = iphoneos;
				SWIFT_COMPILATION_MODE = wholemodule;
				SWIFT_OPTIMIZATION_LEVEL = "-O";
				VALIDATE_PRODUCT = YES;
			};
			name = Release;
		};
		ADBA0CDD267F3D10005CE2A2 /* Debug */ = {
			isa = XCBuildConfiguration;
			buildSettings = {
				ASSETCATALOG_COMPILER_APPICON_NAME = AppIcon;
				ASSETCATALOG_COMPILER_GLOBAL_ACCENT_COLOR_NAME = AccentColor;
				CODE_SIGN_STYLE = Automatic;
				DEVELOPMENT_TEAM = STYRP9W7ZQ;
				INFOPLIST_FILE = "Crypto Track/Info.plist";
				LD_RUNPATH_SEARCH_PATHS = (
					"$(inherited)",
					"@executable_path/Frameworks",
				);
				PRODUCT_BUNDLE_IDENTIFIER = "com.mediadh.App.Crypto-Track";
				PRODUCT_NAME = "$(TARGET_NAME)";
				SWIFT_VERSION = 5.0;
				TARGETED_DEVICE_FAMILY = "1,2";
			};
			name = Debug;
		};
		ADBA0CDE267F3D10005CE2A2 /* Release */ = {
			isa = XCBuildConfiguration;
			buildSettings = {
				ASSETCATALOG_COMPILER_APPICON_NAME = AppIcon;
				ASSETCATALOG_COMPILER_GLOBAL_ACCENT_COLOR_NAME = AccentColor;
				CODE_SIGN_STYLE = Automatic;
				DEVELOPMENT_TEAM = STYRP9W7ZQ;
				INFOPLIST_FILE = "Crypto Track/Info.plist";
				LD_RUNPATH_SEARCH_PATHS = (
					"$(inherited)",
					"@executable_path/Frameworks",
				);
				PRODUCT_BUNDLE_IDENTIFIER = "com.mediadh.App.Crypto-Track";
				PRODUCT_NAME = "$(TARGET_NAME)";
				SWIFT_VERSION = 5.0;
				TARGETED_DEVICE_FAMILY = "1,2";
			};
			name = Release;
		};
/* End XCBuildConfiguration section */

/* Begin XCConfigurationList section */
		ADBA0CC3267F3D0D005CE2A2 /* Build configuration list for PBXProject "Crypto Track" */ = {
			isa = XCConfigurationList;
			buildConfigurations = (
				ADBA0CDA267F3D10005CE2A2 /* Debug */,
				ADBA0CDB267F3D10005CE2A2 /* Release */,
			);
			defaultConfigurationIsVisible = 0;
			defaultConfigurationName = Release;
		};
		ADBA0CDC267F3D10005CE2A2 /* Build configuration list for PBXNativeTarget "Crypto Track" */ = {
			isa = XCConfigurationList;
			buildConfigurations = (
				ADBA0CDD267F3D10005CE2A2 /* Debug */,
				ADBA0CDE267F3D10005CE2A2 /* Release */,
			);
			defaultConfigurationIsVisible = 0;
			defaultConfigurationName = Release;
		};
/* End XCConfigurationList section */
	};
	rootObject = ADBA0CC0267F3D0D005CE2A2 /* Project object */;
}
